// !$*UTF8*$!
{
	archiveVersion = 1;
	classes = {
	};
	objectVersion = 56;
	objects = {

/* Begin PBXBuildFile section */
		633ED8B92AB6F78B0005395D /* AppDelegate.swift in Sources */ = {isa = PBXBuildFile; fileRef = 633ED8B82AB6F78B0005395D /* AppDelegate.swift */; };
		633ED8BB2AB6F78B0005395D /* SceneDelegate.swift in Sources */ = {isa = PBXBuildFile; fileRef = 633ED8BA2AB6F78B0005395D /* SceneDelegate.swift */; };
		633ED8BD2AB6F78B0005395D /* ViewController.swift in Sources */ = {isa = PBXBuildFile; fileRef = 633ED8BC2AB6F78B0005395D /* ViewController.swift */; };
		633ED8C02AB6F78B0005395D /* Main.storyboard in Resources */ = {isa = PBXBuildFile; fileRef = 633ED8BE2AB6F78B0005395D /* Main.storyboard */; };
		633ED8C32AB6F78B0005395D /* memoApp.xcdatamodeld in Sources */ = {isa = PBXBuildFile; fileRef = 633ED8C12AB6F78B0005395D /* memoApp.xcdatamodeld */; };
		633ED8C52AB6F78D0005395D /* Assets.xcassets in Resources */ = {isa = PBXBuildFile; fileRef = 633ED8C42AB6F78D0005395D /* Assets.xcassets */; };
		633ED8C82AB6F78D0005395D /* LaunchScreen.storyboard in Resources */ = {isa = PBXBuildFile; fileRef = 633ED8C62AB6F78D0005395D /* LaunchScreen.storyboard */; };
		633ED8D32AB6F78E0005395D /* memoAppTests.swift in Sources */ = {isa = PBXBuildFile; fileRef = 633ED8D22AB6F78E0005395D /* memoAppTests.swift */; };
		633ED8DD2AB6F78E0005395D /* memoAppUITests.swift in Sources */ = {isa = PBXBuildFile; fileRef = 633ED8DC2AB6F78E0005395D /* memoAppUITests.swift */; };
		633ED8DF2AB6F78E0005395D /* memoAppUITestsLaunchTests.swift in Sources */ = {isa = PBXBuildFile; fileRef = 633ED8DE2AB6F78E0005395D /* memoAppUITestsLaunchTests.swift */; };
/* End PBXBuildFile section */

/* Begin PBXContainerItemProxy section */
		633ED8CF2AB6F78E0005395D /* PBXContainerItemProxy */ = {
			isa = PBXContainerItemProxy;
			containerPortal = 633ED8AD2AB6F78B0005395D /* Project object */;
			proxyType = 1;
			remoteGlobalIDString = 633ED8B42AB6F78B0005395D;
			remoteInfo = memoApp;
		};
		633ED8D92AB6F78E0005395D /* PBXContainerItemProxy */ = {
			isa = PBXContainerItemProxy;
			containerPortal = 633ED8AD2AB6F78B0005395D /* Project object */;
			proxyType = 1;
			remoteGlobalIDString = 633ED8B42AB6F78B0005395D;
			remoteInfo = memoApp;
		};
/* End PBXContainerItemProxy section */

/* Begin PBXFileReference section */
		633ED8B52AB6F78B0005395D /* memoApp.app */ = {isa = PBXFileReference; explicitFileType = wrapper.application; includeInIndex = 0; path = memoApp.app; sourceTree = BUILT_PRODUCTS_DIR; };
		633ED8B82AB6F78B0005395D /* AppDelegate.swift */ = {isa = PBXFileReference; lastKnownFileType = sourcecode.swift; path = AppDelegate.swift; sourceTree = "<group>"; };
		633ED8BA2AB6F78B0005395D /* SceneDelegate.swift */ = {isa = PBXFileReference; lastKnownFileType = sourcecode.swift; path = SceneDelegate.swift; sourceTree = "<group>"; };
		633ED8BC2AB6F78B0005395D /* ViewController.swift */ = {isa = PBXFileReference; lastKnownFileType = sourcecode.swift; path = ViewController.swift; sourceTree = "<group>"; };
		633ED8BF2AB6F78B0005395D /* Base */ = {isa = PBXFileReference; lastKnownFileType = file.storyboard; name = Base; path = Base.lproj/Main.storyboard; sourceTree = "<group>"; };
		633ED8C22AB6F78B0005395D /* memoApp.xcdatamodel */ = {isa = PBXFileReference; lastKnownFileType = wrapper.xcdatamodel; path = memoApp.xcdatamodel; sourceTree = "<group>"; };
		633ED8C42AB6F78D0005395D /* Assets.xcassets */ = {isa = PBXFileReference; lastKnownFileType = folder.assetcatalog; path = Assets.xcassets; sourceTree = "<group>"; };
		633ED8C72AB6F78D0005395D /* Base */ = {isa = PBXFileReference; lastKnownFileType = file.storyboard; name = Base; path = Base.lproj/LaunchScreen.storyboard; sourceTree = "<group>"; };
		633ED8C92AB6F78D0005395D /* Info.plist */ = {isa = PBXFileReference; lastKnownFileType = text.plist.xml; path = Info.plist; sourceTree = "<group>"; };
		633ED8CE2AB6F78E0005395D /* memoAppTests.xctest */ = {isa = PBXFileReference; explicitFileType = wrapper.cfbundle; includeInIndex = 0; path = memoAppTests.xctest; sourceTree = BUILT_PRODUCTS_DIR; };
		633ED8D22AB6F78E0005395D /* memoAppTests.swift */ = {isa = PBXFileReference; lastKnownFileType = sourcecode.swift; path = memoAppTests.swift; sourceTree = "<group>"; };
		633ED8D82AB6F78E0005395D /* memoAppUITests.xctest */ = {isa = PBXFileReference; explicitFileType = wrapper.cfbundle; includeInIndex = 0; path = memoAppUITests.xctest; sourceTree = BUILT_PRODUCTS_DIR; };
		633ED8DC2AB6F78E0005395D /* memoAppUITests.swift */ = {isa = PBXFileReference; lastKnownFileType = sourcecode.swift; path = memoAppUITests.swift; sourceTree = "<group>"; };
		633ED8DE2AB6F78E0005395D /* memoAppUITestsLaunchTests.swift */ = {isa = PBXFileReference; lastKnownFileType = sourcecode.swift; path = memoAppUITestsLaunchTests.swift; sourceTree = "<group>"; };
/* End PBXFileReference section */

/* Begin PBXFrameworksBuildPhase section */
		633ED8B22AB6F78B0005395D /* Frameworks */ = {
			isa = PBXFrameworksBuildPhase;
			buildActionMask = 2147483647;
			files = (
			);
			runOnlyForDeploymentPostprocessing = 0;
		};
		633ED8CB2AB6F78E0005395D /* Frameworks */ = {
			isa = PBXFrameworksBuildPhase;
			buildActionMask = 2147483647;
			files = (
			);
			runOnlyForDeploymentPostprocessing = 0;
		};
		633ED8D52AB6F78E0005395D /* Frameworks */ = {
			isa = PBXFrameworksBuildPhase;
			buildActionMask = 2147483647;
			files = (
			);
			runOnlyForDeploymentPostprocessing = 0;
		};
/* End PBXFrameworksBuildPhase section */

/* Begin PBXGroup section */
		633ED8AC2AB6F78B0005395D = {
			isa = PBXGroup;
			children = (
				633ED8B72AB6F78B0005395D /* memoApp */,
				633ED8D12AB6F78E0005395D /* memoAppTests */,
				633ED8DB2AB6F78E0005395D /* memoAppUITests */,
				633ED8B62AB6F78B0005395D /* Products */,
			);
			sourceTree = "<group>";
		};
		633ED8B62AB6F78B0005395D /* Products */ = {
			isa = PBXGroup;
			children = (
				633ED8B52AB6F78B0005395D /* memoApp.app */,
				633ED8CE2AB6F78E0005395D /* memoAppTests.xctest */,
				633ED8D82AB6F78E0005395D /* memoAppUITests.xctest */,
			);
			name = Products;
			sourceTree = "<group>";
		};
		633ED8B72AB6F78B0005395D /* memoApp */ = {
			isa = PBXGroup;
			children = (
				633ED8B82AB6F78B0005395D /* AppDelegate.swift */,
				633ED8BA2AB6F78B0005395D /* SceneDelegate.swift */,
				633ED8BC2AB6F78B0005395D /* ViewController.swift */,
				633ED8BE2AB6F78B0005395D /* Main.storyboard */,
				633ED8C42AB6F78D0005395D /* Assets.xcassets */,
				633ED8C62AB6F78D0005395D /* LaunchScreen.storyboard */,
				633ED8C92AB6F78D0005395D /* Info.plist */,
				633ED8C12AB6F78B0005395D /* memoApp.xcdatamodeld */,
			);
			path = memoApp;
			sourceTree = "<group>";
		};
		633ED8D12AB6F78E0005395D /* memoAppTests */ = {
			isa = PBXGroup;
			children = (
				633ED8D22AB6F78E0005395D /* memoAppTests.swift */,
			);
			path = memoAppTests;
			sourceTree = "<group>";
		};
		633ED8DB2AB6F78E0005395D /* memoAppUITests */ = {
			isa = PBXGroup;
			children = (
				633ED8DC2AB6F78E0005395D /* memoAppUITests.swift */,
				633ED8DE2AB6F78E0005395D /* memoAppUITestsLaunchTests.swift */,
			);
			path = memoAppUITests;
			sourceTree = "<group>";
		};
/* End PBXGroup section */

/* Begin PBXNativeTarget section */
		633ED8B42AB6F78B0005395D /* memoApp */ = {
			isa = PBXNativeTarget;
			buildConfigurationList = 633ED8E22AB6F78E0005395D /* Build configuration list for PBXNativeTarget "memoApp" */;
			buildPhases = (
				633ED8B12AB6F78B0005395D /* Sources */,
				633ED8B22AB6F78B0005395D /* Frameworks */,
				633ED8B32AB6F78B0005395D /* Resources */,
			);
			buildRules = (
			);
			dependencies = (
			);
			name = memoApp;
			productName = memoApp;
			productReference = 633ED8B52AB6F78B0005395D /* memoApp.app */;
			productType = "com.apple.product-type.application";
		};
		633ED8CD2AB6F78E0005395D /* memoAppTests */ = {
			isa = PBXNativeTarget;
			buildConfigurationList = 633ED8E52AB6F78E0005395D /* Build configuration list for PBXNativeTarget "memoAppTests" */;
			buildPhases = (
				633ED8CA2AB6F78E0005395D /* Sources */,
				633ED8CB2AB6F78E0005395D /* Frameworks */,
				633ED8CC2AB6F78E0005395D /* Resources */,
			);
			buildRules = (
			);
			dependencies = (
				633ED8D02AB6F78E0005395D /* PBXTargetDependency */,
			);
			name = memoAppTests;
			productName = memoAppTests;
			productReference = 633ED8CE2AB6F78E0005395D /* memoAppTests.xctest */;
			productType = "com.apple.product-type.bundle.unit-test";
		};
		633ED8D72AB6F78E0005395D /* memoAppUITests */ = {
			isa = PBXNativeTarget;
			buildConfigurationList = 633ED8E82AB6F78E0005395D /* Build configuration list for PBXNativeTarget "memoAppUITests" */;
			buildPhases = (
				633ED8D42AB6F78E0005395D /* Sources */,
				633ED8D52AB6F78E0005395D /* Frameworks */,
				633ED8D62AB6F78E0005395D /* Resources */,
			);
			buildRules = (
			);
			dependencies = (
				633ED8DA2AB6F78E0005395D /* PBXTargetDependency */,
			);
			name = memoAppUITests;
			productName = memoAppUITests;
			productReference = 633ED8D82AB6F78E0005395D /* memoAppUITests.xctest */;
			productType = "com.apple.product-type.bundle.ui-testing";
		};
/* End PBXNativeTarget section */

/* Begin PBXProject section */
		633ED8AD2AB6F78B0005395D /* Project object */ = {
			isa = PBXProject;
			attributes = {
				BuildIndependentTargetsInParallel = 1;
				LastSwiftUpdateCheck = 1420;
				LastUpgradeCheck = 1420;
				TargetAttributes = {
					633ED8B42AB6F78B0005395D = {
						CreatedOnToolsVersion = 14.2;
					};
					633ED8CD2AB6F78E0005395D = {
						CreatedOnToolsVersion = 14.2;
						TestTargetID = 633ED8B42AB6F78B0005395D;
					};
					633ED8D72AB6F78E0005395D = {
						CreatedOnToolsVersion = 14.2;
						TestTargetID = 633ED8B42AB6F78B0005395D;
					};
				};
			};
			buildConfigurationList = 633ED8B02AB6F78B0005395D /* Build configuration list for PBXProject "memoApp" */;
			compatibilityVersion = "Xcode 14.0";
			developmentRegion = en;
			hasScannedForEncodings = 0;
			knownRegions = (
				en,
				Base,
			);
			mainGroup = 633ED8AC2AB6F78B0005395D;
			productRefGroup = 633ED8B62AB6F78B0005395D /* Products */;
			projectDirPath = "";
			projectRoot = "";
			targets = (
				633ED8B42AB6F78B0005395D /* memoApp */,
				633ED8CD2AB6F78E0005395D /* memoAppTests */,
				633ED8D72AB6F78E0005395D /* memoAppUITests */,
			);
		};
/* End PBXProject section */

/* Begin PBXResourcesBuildPhase section */
		633ED8B32AB6F78B0005395D /* Resources */ = {
			isa = PBXResourcesBuildPhase;
			buildActionMask = 2147483647;
			files = (
				633ED8C82AB6F78D0005395D /* LaunchScreen.storyboard in Resources */,
				633ED8C52AB6F78D0005395D /* Assets.xcassets in Resources */,
				633ED8C02AB6F78B0005395D /* Main.storyboard in Resources */,
			);
			runOnlyForDeploymentPostprocessing = 0;
		};
		633ED8CC2AB6F78E0005395D /* Resources */ = {
			isa = PBXResourcesBuildPhase;
			buildActionMask = 2147483647;
			files = (
			);
			runOnlyForDeploymentPostprocessing = 0;
		};
		633ED8D62AB6F78E0005395D /* Resources */ = {
			isa = PBXResourcesBuildPhase;
			buildActionMask = 2147483647;
			files = (
			);
			runOnlyForDeploymentPostprocessing = 0;
		};
/* End PBXResourcesBuildPhase section */

/* Begin PBXSourcesBuildPhase section */
		633ED8B12AB6F78B0005395D /* Sources */ = {
			isa = PBXSourcesBuildPhase;
			buildActionMask = 2147483647;
			files = (
				633ED8BD2AB6F78B0005395D /* ViewController.swift in Sources */,
				633ED8B92AB6F78B0005395D /* AppDelegate.swift in Sources */,
				633ED8BB2AB6F78B0005395D /* SceneDelegate.swift in Sources */,
				633ED8C32AB6F78B0005395D /* memoApp.xcdatamodeld in Sources */,
			);
			runOnlyForDeploymentPostprocessing = 0;
		};
		633ED8CA2AB6F78E0005395D /* Sources */ = {
			isa = PBXSourcesBuildPhase;
			buildActionMask = 2147483647;
			files = (
				633ED8D32AB6F78E0005395D /* memoAppTests.swift in Sources */,
			);
			runOnlyForDeploymentPostprocessing = 0;
		};
		633ED8D42AB6F78E0005395D /* Sources */ = {
			isa = PBXSourcesBuildPhase;
			buildActionMask = 2147483647;
			files = (
				633ED8DF2AB6F78E0005395D /* memoAppUITestsLaunchTests.swift in Sources */,
				633ED8DD2AB6F78E0005395D /* memoAppUITests.swift in Sources */,
			);
			runOnlyForDeploymentPostprocessing = 0;
		};
/* End PBXSourcesBuildPhase section */

/* Begin PBXTargetDependency section */
		633ED8D02AB6F78E0005395D /* PBXTargetDependency */ = {
			isa = PBXTargetDependency;
			target = 633ED8B42AB6F78B0005395D /* memoApp */;
			targetProxy = 633ED8CF2AB6F78E0005395D /* PBXContainerItemProxy */;
		};
		633ED8DA2AB6F78E0005395D /* PBXTargetDependency */ = {
			isa = PBXTargetDependency;
			target = 633ED8B42AB6F78B0005395D /* memoApp */;
			targetProxy = 633ED8D92AB6F78E0005395D /* PBXContainerItemProxy */;
		};
/* End PBXTargetDependency section */

/* Begin PBXVariantGroup section */
		633ED8BE2AB6F78B0005395D /* Main.storyboard */ = {
			isa = PBXVariantGroup;
			children = (
				633ED8BF2AB6F78B0005395D /* Base */,
			);
			name = Main.storyboard;
			sourceTree = "<group>";
		};
		633ED8C62AB6F78D0005395D /* LaunchScreen.storyboard */ = {
			isa = PBXVariantGroup;
			children = (
				633ED8C72AB6F78D0005395D /* Base */,
			);
			name = LaunchScreen.storyboard;
			sourceTree = "<group>";
		};
/* End PBXVariantGroup section */

/* Begin XCBuildConfiguration section */
		633ED8E02AB6F78E0005395D /* Debug */ = {
			isa = XCBuildConfiguration;
			buildSettings = {
				ALWAYS_SEARCH_USER_PATHS = NO;
				CLANG_ANALYZER_NONNULL = YES;
				CLANG_ANALYZER_NUMBER_OBJECT_CONVERSION = YES_AGGRESSIVE;
				CLANG_CXX_LANGUAGE_STANDARD = "gnu++20";
				CLANG_ENABLE_MODULES = YES;
				CLANG_ENABLE_OBJC_ARC = YES;
				CLANG_ENABLE_OBJC_WEAK = YES;
				CLANG_WARN_BLOCK_CAPTURE_AUTORELEASING = YES;
				CLANG_WARN_BOOL_CONVERSION = YES;
				CLANG_WARN_COMMA = YES;
				CLANG_WARN_CONSTANT_CONVERSION = YES;
				CLANG_WARN_DEPRECATED_OBJC_IMPLEMENTATIONS = YES;
				CLANG_WARN_DIRECT_OBJC_ISA_USAGE = YES_ERROR;
				CLANG_WARN_DOCUMENTATION_COMMENTS = YES;
				CLANG_WARN_EMPTY_BODY = YES;
				CLANG_WARN_ENUM_CONVERSION = YES;
				CLANG_WARN_INFINITE_RECURSION = YES;
				CLANG_WARN_INT_CONVERSION = YES;
				CLANG_WARN_NON_LITERAL_NULL_CONVERSION = YES;
				CLANG_WARN_OBJC_IMPLICIT_RETAIN_SELF = YES;
				CLANG_WARN_OBJC_LITERAL_CONVERSION = YES;
				CLANG_WARN_OBJC_ROOT_CLASS = YES_ERROR;
				CLANG_WARN_QUOTED_INCLUDE_IN_FRAMEWORK_HEADER = YES;
				CLANG_WARN_RANGE_LOOP_ANALYSIS = YES;
				CLANG_WARN_STRICT_PROTOTYPES = YES;
				CLANG_WARN_SUSPICIOUS_MOVE = YES;
				CLANG_WARN_UNGUARDED_AVAILABILITY = YES_AGGRESSIVE;
				CLANG_WARN_UNREACHABLE_CODE = YES;
				CLANG_WARN__DUPLICATE_METHOD_MATCH = YES;
				COPY_PHASE_STRIP = NO;
				DEBUG_INFORMATION_FORMAT = dwarf;
				ENABLE_STRICT_OBJC_MSGSEND = YES;
				ENABLE_TESTABILITY = YES;
				GCC_C_LANGUAGE_STANDARD = gnu11;
				GCC_DYNAMIC_NO_PIC = NO;
				GCC_NO_COMMON_BLOCKS = YES;
				GCC_OPTIMIZATION_LEVEL = 0;
				GCC_PREPROCESSOR_DEFINITIONS = (
					"DEBUG=1",
					"$(inherited)",
				);
				GCC_WARN_64_TO_32_BIT_CONVERSION = YES;
				GCC_WARN_ABOUT_RETURN_TYPE = YES_ERROR;
				GCC_WARN_UNDECLARED_SELECTOR = YES;
				GCC_WARN_UNINITIALIZED_AUTOS = YES_AGGRESSIVE;
				GCC_WARN_UNUSED_FUNCTION = YES;
				GCC_WARN_UNUSED_VARIABLE = YES;
				IPHONEOS_DEPLOYMENT_TARGET = 16.2;
				MTL_ENABLE_DEBUG_INFO = INCLUDE_SOURCE;
				MTL_FAST_MATH = YES;
				ONLY_ACTIVE_ARCH = YES;
				SDKROOT = iphoneos;
				SWIFT_ACTIVE_COMPILATION_CONDITIONS = DEBUG;
				SWIFT_OPTIMIZATION_LEVEL = "-Onone";
			};
			name = Debug;
		};
		633ED8E12AB6F78E0005395D /* Release */ = {
			isa = XCBuildConfiguration;
			buildSettings = {
				ALWAYS_SEARCH_USER_PATHS = NO;
				CLANG_ANALYZER_NONNULL = YES;
				CLANG_ANALYZER_NUMBER_OBJECT_CONVERSION = YES_AGGRESSIVE;
				CLANG_CXX_LANGUAGE_STANDARD = "gnu++20";
				CLANG_ENABLE_MODULES = YES;
				CLANG_ENABLE_OBJC_ARC = YES;
				CLANG_ENABLE_OBJC_WEAK = YES;
				CLANG_WARN_BLOCK_CAPTURE_AUTORELEASING = YES;
				CLANG_WARN_BOOL_CONVERSION = YES;
				CLANG_WARN_COMMA = YES;
				CLANG_WARN_CONSTANT_CONVERSION = YES;
				CLANG_WARN_DEPRECATED_OBJC_IMPLEMENTATIONS = YES;
				CLANG_WARN_DIRECT_OBJC_ISA_USAGE = YES_ERROR;
				CLANG_WARN_DOCUMENTATION_COMMENTS = YES;
				CLANG_WARN_EMPTY_BODY = YES;
				CLANG_WARN_ENUM_CONVERSION = YES;
				CLANG_WARN_INFINITE_RECURSION = YES;
				CLANG_WARN_INT_CONVERSION = YES;
				CLANG_WARN_NON_LITERAL_NULL_CONVERSION = YES;
				CLANG_WARN_OBJC_IMPLICIT_RETAIN_SELF = YES;
				CLANG_WARN_OBJC_LITERAL_CONVERSION = YES;
				CLANG_WARN_OBJC_ROOT_CLASS = YES_ERROR;
				CLANG_WARN_QUOTED_INCLUDE_IN_FRAMEWORK_HEADER = YES;
				CLANG_WARN_RANGE_LOOP_ANALYSIS = YES;
				CLANG_WARN_STRICT_PROTOTYPES = YES;
				CLANG_WARN_SUSPICIOUS_MOVE = YES;
				CLANG_WARN_UNGUARDED_AVAILABILITY = YES_AGGRESSIVE;
				CLANG_WARN_UNREACHABLE_CODE = YES;
				CLANG_WARN__DUPLICATE_METHOD_MATCH = YES;
				COPY_PHASE_STRIP = NO;
				DEBUG_INFORMATION_FORMAT = "dwarf-with-dsym";
				ENABLE_NS_ASSERTIONS = NO;
				ENABLE_STRICT_OBJC_MSGSEND = YES;
				GCC_C_LANGUAGE_STANDARD = gnu11;
				GCC_NO_COMMON_BLOCKS = YES;
				GCC_WARN_64_TO_32_BIT_CONVERSION = YES;
				GCC_WARN_ABOUT_RETURN_TYPE = YES_ERROR;
				GCC_WARN_UNDECLARED_SELECTOR = YES;
				GCC_WARN_UNINITIALIZED_AUTOS = YES_AGGRESSIVE;
				GCC_WARN_UNUSED_FUNCTION = YES;
				GCC_WARN_UNUSED_VARIABLE = YES;
				IPHONEOS_DEPLOYMENT_TARGET = 16.2;
				MTL_ENABLE_DEBUG_INFO = NO;
				MTL_FAST_MATH = YES;
				SDKROOT = iphoneos;
				SWIFT_COMPILATION_MODE = wholemodule;
				SWIFT_OPTIMIZATION_LEVEL = "-O";
				VALIDATE_PRODUCT = YES;
			};
			name = Release;
		};
		633ED8E32AB6F78E0005395D /* Debug */ = {
			isa = XCBuildConfiguration;
			buildSettings = {
				ASSETCATALOG_COMPILER_APPICON_NAME = AppIcon;
				ASSETCATALOG_COMPILER_GLOBAL_ACCENT_COLOR_NAME = AccentColor;
				CODE_SIGN_STYLE = Automatic;
				CURRENT_PROJECT_VERSION = 1;
				DEVELOPMENT_TEAM = QJSS48V882;
				GENERATE_INFOPLIST_FILE = YES;
				INFOPLIST_FILE = memoApp/Info.plist;
				INFOPLIST_KEY_UIApplicationSupportsIndirectInputEvents = YES;
				INFOPLIST_KEY_UILaunchStoryboardName = LaunchScreen;
				INFOPLIST_KEY_UIMainStoryboardFile = Main;
				INFOPLIST_KEY_UISupportedInterfaceOrientations_iPad = "UIInterfaceOrientationPortrait UIInterfaceOrientationPortraitUpsideDown UIInterfaceOrientationLandscapeLeft UIInterfaceOrientationLandscapeRight";
				INFOPLIST_KEY_UISupportedInterfaceOrientations_iPhone = "UIInterfaceOrientationPortrait UIInterfaceOrientationLandscapeLeft UIInterfaceOrientationLandscapeRight";
				LD_RUNPATH_SEARCH_PATHS = (
					"$(inherited)",
					"@executable_path/Frameworks",
				);
				MARKETING_VERSION = 1.0;
				PRODUCT_BUNDLE_IDENTIFIER = com.example.memoApp;
				PRODUCT_NAME = "$(TARGET_NAME)";
				SWIFT_EMIT_LOC_STRINGS = YES;
				SWIFT_VERSION = 5.0;
				TARGETED_DEVICE_FAMILY = "1,2";
			};
			name = Debug;
		};
		633ED8E42AB6F78E0005395D /* Release */ = {
			isa = XCBuildConfiguration;
			buildSettings = {
				ASSETCATALOG_COMPILER_APPICON_NAME = AppIcon;
				ASSETCATALOG_COMPILER_GLOBAL_ACCENT_COLOR_NAME = AccentColor;
				CODE_SIGN_STYLE = Automatic;
				CURRENT_PROJECT_VERSION = 1;
				DEVELOPMENT_TEAM = QJSS48V882;
				GENERATE_INFOPLIST_FILE = YES;
				INFOPLIST_FILE = memoApp/Info.plist;
				INFOPLIST_KEY_UIApplicationSupportsIndirectInputEvents = YES;
				INFOPLIST_KEY_UILaunchStoryboardName = LaunchScreen;
				INFOPLIST_KEY_UIMainStoryboardFile = Main;
				INFOPLIST_KEY_UISupportedInterfaceOrientations_iPad = "UIInterfaceOrientationPortrait UIInterfaceOrientationPortraitUpsideDown UIInterfaceOrientationLandscapeLeft UIInterfaceOrientationLandscapeRight";
				INFOPLIST_KEY_UISupportedInterfaceOrientations_iPhone = "UIInterfaceOrientationPortrait UIInterfaceOrientationLandscapeLeft UIInterfaceOrientationLandscapeRight";
				LD_RUNPATH_SEARCH_PATHS = (
					"$(inherited)",
					"@executable_path/Frameworks",
				);
				MARKETING_VERSION = 1.0;
				PRODUCT_BUNDLE_IDENTIFIER = com.example.memoApp;
				PRODUCT_NAME = "$(TARGET_NAME)";
				SWIFT_EMIT_LOC_STRINGS = YES;
				SWIFT_VERSION = 5.0;
				TARGETED_DEVICE_FAMILY = "1,2";
			};
			name = Release;
		};
		633ED8E62AB6F78E0005395D /* Debug */ = {
			isa = XCBuildConfiguration;
			buildSettings = {
				ALWAYS_EMBED_SWIFT_STANDARD_LIBRARIES = YES;
				BUNDLE_LOADER = "$(TEST_HOST)";
				CODE_SIGN_STYLE = Automatic;
				CURRENT_PROJECT_VERSION = 1;
				DEVELOPMENT_TEAM = QJSS48V882;
				GENERATE_INFOPLIST_FILE = YES;
				IPHONEOS_DEPLOYMENT_TARGET = 16.2;
				MARKETING_VERSION = 1.0;
				PRODUCT_BUNDLE_IDENTIFIER = com.example.memoAppTests;
				PRODUCT_NAME = "$(TARGET_NAME)";
				SWIFT_EMIT_LOC_STRINGS = NO;
				SWIFT_VERSION = 5.0;
				TARGETED_DEVICE_FAMILY = "1,2";
				TEST_HOST = "$(BUILT_PRODUCTS_DIR)/memoApp.app/$(BUNDLE_EXECUTABLE_FOLDER_PATH)/memoApp";
			};
			name = Debug;
		};
		633ED8E72AB6F78E0005395D /* Release */ = {
			isa = XCBuildConfiguration;
			buildSettings = {
				ALWAYS_EMBED_SWIFT_STANDARD_LIBRARIES = YES;
				BUNDLE_LOADER = "$(TEST_HOST)";
				CODE_SIGN_STYLE = Automatic;
				CURRENT_PROJECT_VERSION = 1;
				DEVELOPMENT_TEAM = QJSS48V882;
				GENERATE_INFOPLIST_FILE = YES;
				IPHONEOS_DEPLOYMENT_TARGET = 16.2;
				MARKETING_VERSION = 1.0;
				PRODUCT_BUNDLE_IDENTIFIER = com.example.memoAppTests;
				PRODUCT_NAME = "$(TARGET_NAME)";
				SWIFT_EMIT_LOC_STRINGS = NO;
				SWIFT_VERSION = 5.0;
				TARGETED_DEVICE_FAMILY = "1,2";
				TEST_HOST = "$(BUILT_PRODUCTS_DIR)/memoApp.app/$(BUNDLE_EXECUTABLE_FOLDER_PATH)/memoApp";
			};
			name = Release;
		};
		633ED8E92AB6F78E0005395D /* Debug */ = {
			isa = XCBuildConfiguration;
			buildSettings = {
				ALWAYS_EMBED_SWIFT_STANDARD_LIBRARIES = YES;
				CODE_SIGN_STYLE = Automatic;
				CURRENT_PROJECT_VERSION = 1;
				DEVELOPMENT_TEAM = QJSS48V882;
				GENERATE_INFOPLIST_FILE = YES;
				MARKETING_VERSION = 1.0;
				PRODUCT_BUNDLE_IDENTIFIER = com.example.memoAppUITests;
				PRODUCT_NAME = "$(TARGET_NAME)";
				SWIFT_EMIT_LOC_STRINGS = NO;
				SWIFT_VERSION = 5.0;
				TARGETED_DEVICE_FAMILY = "1,2";
				TEST_TARGET_NAME = memoApp;
			};
			name = Debug;
		};
		633ED8EA2AB6F78E0005395D /* Release */ = {
			isa = XCBuildConfiguration;
			buildSettings = {
				ALWAYS_EMBED_SWIFT_STANDARD_LIBRARIES = YES;
				CODE_SIGN_STYLE = Automatic;
				CURRENT_PROJECT_VERSION = 1;
				DEVELOPMENT_TEAM = QJSS48V882;
				GENERATE_INFOPLIST_FILE = YES;
				MARKETING_VERSION = 1.0;
				PRODUCT_BUNDLE_IDENTIFIER = com.example.memoAppUITests;
				PRODUCT_NAME = "$(TARGET_NAME)";
				SWIFT_EMIT_LOC_STRINGS = NO;
				SWIFT_VERSION = 5.0;
				TARGETED_DEVICE_FAMILY = "1,2";
				TEST_TARGET_NAME = memoApp;
			};
			name = Release;
		};
/* End XCBuildConfiguration section */

/* Begin XCConfigurationList section */
		633ED8B02AB6F78B0005395D /* Build configuration list for PBXProject "memoApp" */ = {
			isa = XCConfigurationList;
			buildConfigurations = (
				633ED8E02AB6F78E0005395D /* Debug */,
				633ED8E12AB6F78E0005395D /* Release */,
			);
			defaultConfigurationIsVisible = 0;
			defaultConfigurationName = Release;
		};
		633ED8E22AB6F78E0005395D /* Build configuration list for PBXNativeTarget "memoApp" */ = {
			isa = XCConfigurationList;
			buildConfigurations = (
				633ED8E32AB6F78E0005395D /* Debug */,
				633ED8E42AB6F78E0005395D /* Release */,
			);
			defaultConfigurationIsVisible = 0;
			defaultConfigurationName = Release;
		};
		633ED8E52AB6F78E0005395D /* Build configuration list for PBXNativeTarget "memoAppTests" */ = {
			isa = XCConfigurationList;
			buildConfigurations = (
				633ED8E62AB6F78E0005395D /* Debug */,
				633ED8E72AB6F78E0005395D /* Release */,
			);
			defaultConfigurationIsVisible = 0;
			defaultConfigurationName = Release;
		};
		633ED8E82AB6F78E0005395D /* Build configuration list for PBXNativeTarget "memoAppUITests" */ = {
			isa = XCConfigurationList;
			buildConfigurations = (
				633ED8E92AB6F78E0005395D /* Debug */,
				633ED8EA2AB6F78E0005395D /* Release */,
			);
			defaultConfigurationIsVisible = 0;
			defaultConfigurationName = Release;
		};
/* End XCConfigurationList section */

/* Begin XCVersionGroup section */
		633ED8C12AB6F78B0005395D /* memoApp.xcdatamodeld */ = {
			isa = XCVersionGroup;
			children = (
				633ED8C22AB6F78B0005395D /* memoApp.xcdatamodel */,
			);
			currentVersion = 633ED8C22AB6F78B0005395D /* memoApp.xcdatamodel */;
			path = memoApp.xcdatamodeld;
			sourceTree = "<group>";
			versionGroupType = wrapper.xcdatamodel;
		};
/* End XCVersionGroup section */
	};
	rootObject = 633ED8AD2AB6F78B0005395D /* Project object */;
}
